# This file is autogenerated, do not edit; changes may be undone by the next 'dep ensure'.


[[projects]]
  name = "github.com/kelseyhightower/envconfig"
  packages = ["."]
  revision = "b2c5c876e2659d9060d82e9b8494150d53854cc4"

[solve-meta]
  analyzer-name = "dep"
  analyzer-version = 1
  inputs-digest = "9e9928488f5ac2a92f53b14d0f96d8b835fd8c4aa8b3405c3756c7342bb7ed3c"
  solver-name = "gps-cdcl"
  solver-version = 1
