# This file is autogenerated, do not edit; changes may be undone by the next 'dep ensure'.


[[projects]]
  name = "github.com/kelseyhightower/envconfig"
  packages = ["."]
  revision = "b2c5c876e2659d9060d82e9b8494150d53854cc4"

[[projects]]
  name = "github.com/lib/pq"
  packages = [".","oid"]
  revision = "d34b9ff171c21ad295489235aec8b6626023cd04"

[[projects]]
  name = "github.com/takama/backer"
  packages = [".","datastore","helper","model","player"]
  revision = "995c7fa15975cbcee4ab2d20f32773941936ca88"
  version = "v0.3.1"

[[projects]]
  name = "github.com/takama/bit"
  packages = ["."]
  revision = "2cdb1c532baced0c8c18000bc4cb66907b0dff3e"
  version = "0.3.0"

[solve-meta]
  analyzer-name = "dep"
  analyzer-version = 1
  inputs-digest = "ad6dbf4cd0297ab36b6dcf6d5432282ac5895f49873917caa72bb86ae2ab742a"
  solver-name = "gps-cdcl"
  solver-version = 1
