# This file is autogenerated, do not edit; changes may be undone by the next 'dep ensure'.


[[projects]]
  name = "github.com/kelseyhightower/envconfig"
  packages = ["."]
  revision = "b2c5c876e2659d9060d82e9b8494150d53854cc4"

[[projects]]
  name = "github.com/lib/pq"
  packages = [".","oid"]
  revision = "d34b9ff171c21ad295489235aec8b6626023cd04"

[[projects]]
  name = "github.com/takama/backer"
  packages = [".","datastore","helper","model","player","tournament"]
  revision = "c8c0b811906d23f0378aeab5d3752ad447090462"
  version = "v0.3.9"

[[projects]]
  name = "github.com/takama/bit"
  packages = ["."]
  revision = "2cdb1c532baced0c8c18000bc4cb66907b0dff3e"
  version = "0.3.0"

[solve-meta]
  analyzer-name = "dep"
  analyzer-version = 1
  inputs-digest = "7bc4dade6bb89cf1b48e3d4b13764eaa2886e31314323fa559ddac2b2f2e13a8"
  solver-name = "gps-cdcl"
  solver-version = 1
